
Microsoft Visual Studio Solution File, Format Version 12.00
# Visual Studio Version 17
VisualStudioVersion = 17.11.35219.272
MinimumVisualStudioVersion = 10.0.40219.1
Project("{888888A0-9F3D-457C-B088-3A5042F75D52}") = "Lab04_ChainOfResponsibilities", "Lab04_ChainOfResponsibilities\Lab04_ChainOfResponsibilities.pyproj", "{06659C51-5EB4-4ADA-884C-781DBE9A3B14}"
EndProject
Global
	GlobalSection(SolutionConfigurationPlatforms) = preSolution
		Debug|Any CPU = Debug|Any CPU
		Release|Any CPU = Release|Any CPU
	EndGlobalSection
	GlobalSection(ProjectConfigurationPlatforms) = postSolution
		{06659C51-5EB4-4ADA-884C-781DBE9A3B14}.Debug|Any CPU.ActiveCfg = Debug|Any CPU
		{06659C51-5EB4-4ADA-884C-781DBE9A3B14}.Release|Any CPU.ActiveCfg = Release|Any CPU
	EndGlobalSection
	GlobalSection(SolutionProperties) = preSolution
		HideSolutionNode = FALSE
	EndGlobalSection
	GlobalSection(ExtensibilityGlobals) = postSolution
		SolutionGuid = {2052830C-EBAC-49BD-B331-BE6EC22ED46D}
	EndGlobalSection
EndGlobal
