
Microsoft Visual Studio Solution File, Format Version 12.00
# Visual Studio Version 17
VisualStudioVersion = 17.11.35219.272
MinimumVisualStudioVersion = 10.0.40219.1
Project("{888888A0-9F3D-457C-B088-3A5042F75D52}") = "Lab03_AbstractMethod", "Lab03_AbstractMethod\Lab03_AbstractMethod.pyproj", "{66C0FAEA-B6AE-448B-934A-06A6B5D1EE8D}"
EndProject
Global
	GlobalSection(SolutionConfigurationPlatforms) = preSolution
		Debug|Any CPU = Debug|Any CPU
		Release|Any CPU = Release|Any CPU
	EndGlobalSection
	GlobalSection(ProjectConfigurationPlatforms) = postSolution
		{66C0FAEA-B6AE-448B-934A-06A6B5D1EE8D}.Debug|Any CPU.ActiveCfg = Debug|Any CPU
		{66C0FAEA-B6AE-448B-934A-06A6B5D1EE8D}.Release|Any CPU.ActiveCfg = Release|Any CPU
	EndGlobalSection
	GlobalSection(SolutionProperties) = preSolution
		HideSolutionNode = FALSE
	EndGlobalSection
	GlobalSection(ExtensibilityGlobals) = postSolution
		SolutionGuid = {D15C45F7-86DE-4046-99A8-B443668DE9FD}
	EndGlobalSection
EndGlobal
